
Microsoft Visual Studio Solution File, Format Version 12.00
# Visual Studio Version 16
VisualStudioVersion = 16.0.32510.428
MinimumVisualStudioVersion = 10.0.40219.1
Project("{FAE04EC0-301F-11D3-BF4B-00C04F79EFBC}") = "Core", "Core\Core.csproj", "{F658B080-0405-41AD-9D44-F2C601ABE4AB}"
EndProject
Project("{FAE04EC0-301F-11D3-BF4B-00C04F79EFBC}") = "Math", "Math\Math.csproj", "{C53A9E44-6489-45BC-9D21-C5AD573A20D7}"
EndProject
Project("{FAE04EC0-301F-11D3-BF4B-00C04F79EFBC}") = "Imaging", "Imaging\Imaging.csproj", "{4D785DB5-B5F1-4689-A722-038CA91E66E0}"
EndProject
Global
	GlobalSection(SolutionConfigurationPlatforms) = preSolution
		Debug|Any CPU = Debug|Any CPU
		Release|Any CPU = Release|Any CPU
	EndGlobalSection
	GlobalSection(ProjectConfigurationPlatforms) = postSolution
		{F658B080-0405-41AD-9D44-F2C601ABE4AB}.Debug|Any CPU.ActiveCfg = Debug|Any CPU
		{F658B080-0405-41AD-9D44-F2C601ABE4AB}.Debug|Any CPU.Build.0 = Debug|Any CPU
		{F658B080-0405-41AD-9D44-F2C601ABE4AB}.Release|Any CPU.ActiveCfg = Release|Any CPU
		{F658B080-0405-41AD-9D44-F2C601ABE4AB}.Release|Any CPU.Build.0 = Release|Any CPU
		{C53A9E44-6489-45BC-9D21-C5AD573A20D7}.Debug|Any CPU.ActiveCfg = Debug|Any CPU
		{C53A9E44-6489-45BC-9D21-C5AD573A20D7}.Debug|Any CPU.Build.0 = Debug|Any CPU
		{C53A9E44-6489-45BC-9D21-C5AD573A20D7}.Release|Any CPU.ActiveCfg = Release|Any CPU
		{C53A9E44-6489-45BC-9D21-C5AD573A20D7}.Release|Any CPU.Build.0 = Release|Any CPU
		{4D785DB5-B5F1-4689-A722-038CA91E66E0}.Debug|Any CPU.ActiveCfg = Debug|Any CPU
		{4D785DB5-B5F1-4689-A722-038CA91E66E0}.Debug|Any CPU.Build.0 = Debug|Any CPU
		{4D785DB5-B5F1-4689-A722-038CA91E66E0}.Release|Any CPU.ActiveCfg = Release|Any CPU
		{4D785DB5-B5F1-4689-A722-038CA91E66E0}.Release|Any CPU.Build.0 = Release|Any CPU
	EndGlobalSection
	GlobalSection(SolutionProperties) = preSolution
		HideSolutionNode = FALSE
	EndGlobalSection
	GlobalSection(ExtensibilityGlobals) = postSolution
		SolutionGuid = {08C7418E-6B82-48BA-82A8-C1EB249A55E8}
	EndGlobalSection
EndGlobal
